
Microsoft Visual Studio Solution File, Format Version 12.00
# Visual Studio 2012
Project("{FAE04EC0-301F-11D3-BF4B-00C04F79EFBC}") = "OptimalPortfolio.Tanner", "OptimalPortfolio.Tanner.csproj", "{5C739687-6DD0-48AD-B8FB-FB61DF47CFD2}"
EndProject
Project("{FAE04EC0-301F-11D3-BF4B-00C04F79EFBC}") = "OptimalPortfolio.RServer", "OptimalPortfolio.RServer\OptimalPortfolio.RServer.csproj", "{55AAF190-9113-460E-B852-07E8DA638858}"
EndProject
Global
	GlobalSection(SolutionConfigurationPlatforms) = preSolution
		Debug|Any CPU = Debug|Any CPU
		Release|Any CPU = Release|Any CPU
	EndGlobalSection
	GlobalSection(ProjectConfigurationPlatforms) = postSolution
		{5C739687-6DD0-48AD-B8FB-FB61DF47CFD2}.Debug|Any CPU.ActiveCfg = Debug|Any CPU
		{5C739687-6DD0-48AD-B8FB-FB61DF47CFD2}.Debug|Any CPU.Build.0 = Debug|Any CPU
		{5C739687-6DD0-48AD-B8FB-FB61DF47CFD2}.Release|Any CPU.ActiveCfg = Release|Any CPU
		{5C739687-6DD0-48AD-B8FB-FB61DF47CFD2}.Release|Any CPU.Build.0 = Release|Any CPU
		{55AAF190-9113-460E-B852-07E8DA638858}.Debug|Any CPU.ActiveCfg = Debug|Any CPU
		{55AAF190-9113-460E-B852-07E8DA638858}.Debug|Any CPU.Build.0 = Debug|Any CPU
		{55AAF190-9113-460E-B852-07E8DA638858}.Release|Any CPU.ActiveCfg = Release|Any CPU
		{55AAF190-9113-460E-B852-07E8DA638858}.Release|Any CPU.Build.0 = Release|Any CPU
	EndGlobalSection
	GlobalSection(SolutionProperties) = preSolution
		HideSolutionNode = FALSE
	EndGlobalSection
EndGlobal
